
Microsoft Visual Studio Solution File, Format Version 12.00
# Visual Studio Version 18
VisualStudioVersion = 18.5.11723.231 stable
MinimumVisualStudioVersion = 10.0.40219.1
Project("{FAE04EC0-301F-11D3-BF4B-00C04F79EFBC}") = "Learnify", "Learnify.csproj", "{604E3823-1A5E-4423-98F0-170108A2C93A}"
EndProject
Global
	GlobalSection(SolutionConfigurationPlatforms) = preSolution
		Debug|Any CPU = Debug|Any CPU
		Release|Any CPU = Release|Any CPU
	EndGlobalSection
	GlobalSection(ProjectConfigurationPlatforms) = postSolution
		{604E3823-1A5E-4423-98F0-170108A2C93A}.Debug|Any CPU.ActiveCfg = Debug|Any CPU
		{604E3823-1A5E-4423-98F0-170108A2C93A}.Debug|Any CPU.Build.0 = Debug|Any CPU
		{604E3823-1A5E-4423-98F0-170108A2C93A}.Release|Any CPU.ActiveCfg = Release|Any CPU
		{604E3823-1A5E-4423-98F0-170108A2C93A}.Release|Any CPU.Build.0 = Release|Any CPU
	EndGlobalSection
	GlobalSection(SolutionProperties) = preSolution
		HideSolutionNode = FALSE
	EndGlobalSection
	GlobalSection(ExtensibilityGlobals) = postSolution
		SolutionGuid = {286BF443-3532-47ED-99D4-AFF64C92F886}
	EndGlobalSection
EndGlobal
